
Microsoft Visual Studio Solution File, Format Version 12.00
# Visual Studio 2013
VisualStudioVersion = 12.0.21005.1
MinimumVisualStudioVersion = 10.0.40219.1
Project("{FAE04EC0-301F-11D3-BF4B-00C04F79EFBC}") = "BusinessLogic", "BusinessLogic\BusinessLogic.csproj", "{E4C60828-84C7-4089-8AE5-FA67B0C7D31D}"
EndProject
Project("{FAE04EC0-301F-11D3-BF4B-00C04F79EFBC}") = "SqlServerStorage", "SqlServerStorage\SqlServerStorage.csproj", "{69C269E2-B63F-46F9-A36E-2AE48561ACF4}"
EndProject
Project("{FAE04EC0-301F-11D3-BF4B-00C04F79EFBC}") = "WebApplication", "WebApplication\WebApplication\WebApplication.csproj", "{D3CE6437-D502-48BB-B3E8-6B52992162D1}"
EndProject
Project("{FAE04EC0-301F-11D3-BF4B-00C04F79EFBC}") = "BusinessLogic.Tests", "BusinessLogic.Tests\BusinessLogic.Tests.csproj", "{C7AE98C4-F3D9-44A4-94D8-3CAC872A8604}"
EndProject
Project("{FAE04EC0-301F-11D3-BF4B-00C04F79EFBC}") = "ChromeExt", "ChromeExt\ChromeExt.csproj", "{E2F2EF14-ECF3-4BE3-B989-E0B3A69B5049}"
EndProject
Global
	GlobalSection(SolutionConfigurationPlatforms) = preSolution
		Debug|Any CPU = Debug|Any CPU
		Release|Any CPU = Release|Any CPU
	EndGlobalSection
	GlobalSection(ProjectConfigurationPlatforms) = postSolution
		{E4C60828-84C7-4089-8AE5-FA67B0C7D31D}.Debug|Any CPU.ActiveCfg = Debug|Any CPU
		{E4C60828-84C7-4089-8AE5-FA67B0C7D31D}.Debug|Any CPU.Build.0 = Debug|Any CPU
		{E4C60828-84C7-4089-8AE5-FA67B0C7D31D}.Release|Any CPU.ActiveCfg = Release|Any CPU
		{E4C60828-84C7-4089-8AE5-FA67B0C7D31D}.Release|Any CPU.Build.0 = Release|Any CPU
		{69C269E2-B63F-46F9-A36E-2AE48561ACF4}.Debug|Any CPU.ActiveCfg = Debug|Any CPU
		{69C269E2-B63F-46F9-A36E-2AE48561ACF4}.Debug|Any CPU.Build.0 = Debug|Any CPU
		{69C269E2-B63F-46F9-A36E-2AE48561ACF4}.Release|Any CPU.ActiveCfg = Release|Any CPU
		{69C269E2-B63F-46F9-A36E-2AE48561ACF4}.Release|Any CPU.Build.0 = Release|Any CPU
		{D3CE6437-D502-48BB-B3E8-6B52992162D1}.Debug|Any CPU.ActiveCfg = Debug|Any CPU
		{D3CE6437-D502-48BB-B3E8-6B52992162D1}.Debug|Any CPU.Build.0 = Debug|Any CPU
		{D3CE6437-D502-48BB-B3E8-6B52992162D1}.Release|Any CPU.ActiveCfg = Release|Any CPU
		{D3CE6437-D502-48BB-B3E8-6B52992162D1}.Release|Any CPU.Build.0 = Release|Any CPU
		{C7AE98C4-F3D9-44A4-94D8-3CAC872A8604}.Debug|Any CPU.ActiveCfg = Debug|Any CPU
		{C7AE98C4-F3D9-44A4-94D8-3CAC872A8604}.Debug|Any CPU.Build.0 = Debug|Any CPU
		{C7AE98C4-F3D9-44A4-94D8-3CAC872A8604}.Release|Any CPU.ActiveCfg = Release|Any CPU
		{C7AE98C4-F3D9-44A4-94D8-3CAC872A8604}.Release|Any CPU.Build.0 = Release|Any CPU
		{E2F2EF14-ECF3-4BE3-B989-E0B3A69B5049}.Debug|Any CPU.ActiveCfg = Debug|Any CPU
		{E2F2EF14-ECF3-4BE3-B989-E0B3A69B5049}.Debug|Any CPU.Build.0 = Debug|Any CPU
		{E2F2EF14-ECF3-4BE3-B989-E0B3A69B5049}.Release|Any CPU.ActiveCfg = Release|Any CPU
		{E2F2EF14-ECF3-4BE3-B989-E0B3A69B5049}.Release|Any CPU.Build.0 = Release|Any CPU
	EndGlobalSection
	GlobalSection(SolutionProperties) = preSolution
		HideSolutionNode = FALSE
	EndGlobalSection
EndGlobal
